
Microsoft Visual Studio Solution File, Format Version 12.00
# Visual Studio Version 17
VisualStudioVersion = 17.7.34031.279
MinimumVisualStudioVersion = 10.0.40219.1
Project("{D2ABAB84-BF74-430A-B69E-9DC6D40DDA17}") = "SSAS", "SSAS.dwproj", "{72677FB1-FDE6-4DC3-B34A-FBBA2346F75F}"
EndProject
Global
	GlobalSection(SolutionConfigurationPlatforms) = preSolution
		Development|Default = Development|Default
	EndGlobalSection
	GlobalSection(ProjectConfigurationPlatforms) = postSolution
		{72677FB1-FDE6-4DC3-B34A-FBBA2346F75F}.Development|Default.ActiveCfg = Development
		{72677FB1-FDE6-4DC3-B34A-FBBA2346F75F}.Development|Default.Build.0 = Development
		{72677FB1-FDE6-4DC3-B34A-FBBA2346F75F}.Development|Default.Deploy.0 = Development
	EndGlobalSection
	GlobalSection(SolutionProperties) = preSolution
		HideSolutionNode = FALSE
	EndGlobalSection
	GlobalSection(ExtensibilityGlobals) = postSolution
		SolutionGuid = {E7432E7A-9932-4EC3-B210-0FCC9A8D5F2D}
	EndGlobalSection
EndGlobal
